// !$*UTF8*$!
{
	archiveVersion = 1;
	classes = {
	};
	objectVersion = 46;
	objects = {

/* Begin PBXBuildFile section */
		8F1FC4711F29E24300BFAAD3 /* main.m in Sources */ = {isa = PBXBuildFile; fileRef = 8F1FC4701F29E24300BFAAD3 /* main.m */; };
		8F1FC4741F29E24300BFAAD3 /* AppDelegate.m in Sources */ = {isa = PBXBuildFile; fileRef = 8F1FC4731F29E24300BFAAD3 /* AppDelegate.m */; };
		8F1FC4771F29E24300BFAAD3 /* ViewController.m in Sources */ = {isa = PBXBuildFile; fileRef = 8F1FC4761F29E24300BFAAD3 /* ViewController.m */; };
		8F1FC47A1F29E24300BFAAD3 /* Main.storyboard in Resources */ = {isa = PBXBuildFile; fileRef = 8F1FC4781F29E24300BFAAD3 /* Main.storyboard */; };
		8F1FC47C1F29E24300BFAAD3 /* Assets.xcassets in Resources */ = {isa = PBXBuildFile; fileRef = 8F1FC47B1F29E24300BFAAD3 /* Assets.xcassets */; };
		8F1FC47F1F29E24300BFAAD3 /* LaunchScreen.storyboard in Resources */ = {isa = PBXBuildFile; fileRef = 8F1FC47D1F29E24300BFAAD3 /* LaunchScreen.storyboard */; };
		8F1FC4891F29E2BF00BFAAD3 /* UITextView+PlaceHolder.m in Sources */ = {isa = PBXBuildFile; fileRef = 8F1FC4881F29E2BF00BFAAD3 /* UITextView+PlaceHolder.m */; };
/* End PBXBuildFile section */

/* Begin PBXFileReference section */
		8F1FC46C1F29E24300BFAAD3 /* TextViewForPlaceHolder.app */ = {isa = PBXFileReference; explicitFileType = wrapper.application; includeInIndex = 0; path = TextViewForPlaceHolder.app; sourceTree = BUILT_PRODUCTS_DIR; };
		8F1FC4701F29E24300BFAAD3 /* main.m */ = {isa = PBXFileReference; lastKnownFileType = sourcecode.c.objc; path = main.m; sourceTree = "<group>"; };
		8F1FC4721F29E24300BFAAD3 /* AppDelegate.h */ = {isa = PBXFileReference; lastKnownFileType = sourcecode.c.h; path = AppDelegate.h; sourceTree = "<group>"; };
		8F1FC4731F29E24300BFAAD3 /* AppDelegate.m */ = {isa = PBXFileReference; lastKnownFileType = sourcecode.c.objc; path = AppDelegate.m; sourceTree = "<group>"; };
		8F1FC4751F29E24300BFAAD3 /* ViewController.h */ = {isa = PBXFileReference; lastKnownFileType = sourcecode.c.h; path = ViewController.h; sourceTree = "<group>"; };
		8F1FC4761F29E24300BFAAD3 /* ViewController.m */ = {isa = PBXFileReference; lastKnownFileType = sourcecode.c.objc; path = ViewController.m; sourceTree = "<group>"; };
		8F1FC4791F29E24300BFAAD3 /* Base */ = {isa = PBXFileReference; lastKnownFileType = file.storyboard; name = Base; path = Base.lproj/Main.storyboard; sourceTree = "<group>"; };
		8F1FC47B1F29E24300BFAAD3 /* Assets.xcassets */ = {isa = PBXFileReference; lastKnownFileType = folder.assetcatalog; path = Assets.xcassets; sourceTree = "<group>"; };
		8F1FC47E1F29E24300BFAAD3 /* Base */ = {isa = PBXFileReference; lastKnownFileType = file.storyboard; name = Base; path = Base.lproj/LaunchScreen.storyboard; sourceTree = "<group>"; };
		8F1FC4801F29E24300BFAAD3 /* Info.plist */ = {isa = PBXFileReference; lastKnownFileType = text.plist.xml; path = Info.plist; sourceTree = "<group>"; };
		8F1FC4871F29E2BF00BFAAD3 /* UITextView+PlaceHolder.h */ = {isa = PBXFileReference; fileEncoding = 4; lastKnownFileType = sourcecode.c.h; path = "UITextView+PlaceHolder.h"; sourceTree = "<group>"; };
		8F1FC4881F29E2BF00BFAAD3 /* UITextView+PlaceHolder.m */ = {isa = PBXFileReference; fileEncoding = 4; lastKnownFileType = sourcecode.c.objc; path = "UITextView+PlaceHolder.m"; sourceTree = "<group>"; };
/* End PBXFileReference section */

/* Begin PBXFrameworksBuildPhase section */
		8F1FC4691F29E24300BFAAD3 /* Frameworks */ = {
			isa = PBXFrameworksBuildPhase;
			buildActionMask = 2147483647;
			files = (
			);
			runOnlyForDeploymentPostprocessing = 0;
		};
/* End PBXFrameworksBuildPhase section */

/* Begin PBXGroup section */
		8F1FC4631F29E24300BFAAD3 = {
			isa = PBXGroup;
			children = (
				8F1FC4861F29E2A200BFAAD3 /* Class */,
				8F1FC46E1F29E24300BFAAD3 /* TextViewForPlaceHolder */,
				8F1FC46D1F29E24300BFAAD3 /* Products */,
			);
			sourceTree = "<group>";
		};
		8F1FC46D1F29E24300BFAAD3 /* Products */ = {
			isa = PBXGroup;
			children = (
				8F1FC46C1F29E24300BFAAD3 /* TextViewForPlaceHolder.app */,
			);
			name = Products;
			sourceTree = "<group>";
		};
		8F1FC46E1F29E24300BFAAD3 /* TextViewForPlaceHolder */ = {
			isa = PBXGroup;
			children = (
				8F1FC4721F29E24300BFAAD3 /* AppDelegate.h */,
				8F1FC4731F29E24300BFAAD3 /* AppDelegate.m */,
				8F1FC4751F29E24300BFAAD3 /* ViewController.h */,
				8F1FC4761F29E24300BFAAD3 /* ViewController.m */,
				8F1FC4781F29E24300BFAAD3 /* Main.storyboard */,
				8F1FC47B1F29E24300BFAAD3 /* Assets.xcassets */,
				8F1FC47D1F29E24300BFAAD3 /* LaunchScreen.storyboard */,
				8F1FC4801F29E24300BFAAD3 /* Info.plist */,
				8F1FC46F1F29E24300BFAAD3 /* Supporting Files */,
			);
			path = TextViewForPlaceHolder;
			sourceTree = "<group>";
		};
		8F1FC46F1F29E24300BFAAD3 /* Supporting Files */ = {
			isa = PBXGroup;
			children = (
				8F1FC4701F29E24300BFAAD3 /* main.m */,
			);
			name = "Supporting Files";
			sourceTree = "<group>";
		};
		8F1FC4861F29E2A200BFAAD3 /* Class */ = {
			isa = PBXGroup;
			children = (
				8F1FC4871F29E2BF00BFAAD3 /* UITextView+PlaceHolder.h */,
				8F1FC4881F29E2BF00BFAAD3 /* UITextView+PlaceHolder.m */,
			);
			path = Class;
			sourceTree = "<group>";
		};
/* End PBXGroup section */

/* Begin PBXNativeTarget section */
		8F1FC46B1F29E24300BFAAD3 /* TextViewForPlaceHolder */ = {
			isa = PBXNativeTarget;
			buildConfigurationList = 8F1FC4831F29E24300BFAAD3 /* Build configuration list for PBXNativeTarget "TextViewForPlaceHolder" */;
			buildPhases = (
				8F1FC4681F29E24300BFAAD3 /* Sources */,
				8F1FC4691F29E24300BFAAD3 /* Frameworks */,
				8F1FC46A1F29E24300BFAAD3 /* Resources */,
			);
			buildRules = (
			);
			dependencies = (
			);
			name = TextViewForPlaceHolder;
			productName = TextViewForPlaceHolder;
			productReference = 8F1FC46C1F29E24300BFAAD3 /* TextViewForPlaceHolder.app */;
			productType = "com.apple.product-type.application";
		};
/* End PBXNativeTarget section */

/* Begin PBXProject section */
		8F1FC4641F29E24300BFAAD3 /* Project object */ = {
			isa = PBXProject;
			attributes = {
				LastUpgradeCheck = 0830;
				ORGANIZATIONNAME = "李正兵";
				TargetAttributes = {
					8F1FC46B1F29E24300BFAAD3 = {
						CreatedOnToolsVersion = 8.3.3;
						DevelopmentTeam = 2G4AT7N2J9;
						ProvisioningStyle = Automatic;
					};
				};
			};
			buildConfigurationList = 8F1FC4671F29E24300BFAAD3 /* Build configuration list for PBXProject "TextViewForPlaceHolder" */;
			compatibilityVersion = "Xcode 3.2";
			developmentRegion = English;
			hasScannedForEncodings = 0;
			knownRegions = (
				en,
				Base,
			);
			mainGroup = 8F1FC4631F29E24300BFAAD3;
			productRefGroup = 8F1FC46D1F29E24300BFAAD3 /* Products */;
			projectDirPath = "";
			projectRoot = "";
			targets = (
				8F1FC46B1F29E24300BFAAD3 /* TextViewForPlaceHolder */,
			);
		};
/* End PBXProject section */

/* Begin PBXResourcesBuildPhase section */
		8F1FC46A1F29E24300BFAAD3 /* Resources */ = {
			isa = PBXResourcesBuildPhase;
			buildActionMask = 2147483647;
			files = (
				8F1FC47F1F29E24300BFAAD3 /* LaunchScreen.storyboard in Resources */,
				8F1FC47C1F29E24300BFAAD3 /* Assets.xcassets in Resources */,
				8F1FC47A1F29E24300BFAAD3 /* Main.storyboard in Resources */,
			);
			runOnlyForDeploymentPostprocessing = 0;
		};
/* End PBXResourcesBuildPhase section */

/* Begin PBXSourcesBuildPhase section */
		8F1FC4681F29E24300BFAAD3 /* Sources */ = {
			isa = PBXSourcesBuildPhase;
			buildActionMask = 2147483647;
			files = (
				8F1FC4771F29E24300BFAAD3 /* ViewController.m in Sources */,
				8F1FC4741F29E24300BFAAD3 /* AppDelegate.m in Sources */,
				8F1FC4711F29E24300BFAAD3 /* main.m in Sources */,
				8F1FC4891F29E2BF00BFAAD3 /* UITextView+PlaceHolder.m in Sources */,
			);
			runOnlyForDeploymentPostprocessing = 0;
		};
/* End PBXSourcesBuildPhase section */

/* Begin PBXVariantGroup section */
		8F1FC4781F29E24300BFAAD3 /* Main.storyboard */ = {
			isa = PBXVariantGroup;
			children = (
				8F1FC4791F29E24300BFAAD3 /* Base */,
			);
			name = Main.storyboard;
			sourceTree = "<group>";
		};
		8F1FC47D1F29E24300BFAAD3 /* LaunchScreen.storyboard */ = {
			isa = PBXVariantGroup;
			children = (
				8F1FC47E1F29E24300BFAAD3 /* Base */,
			);
			name = LaunchScreen.storyboard;
			sourceTree = "<group>";
		};
/* End PBXVariantGroup section */

/* Begin XCBuildConfiguration section */
		8F1FC4811F29E24300BFAAD3 /* Debug */ = {
			isa = XCBuildConfiguration;
			buildSettings = {
				ALWAYS_SEARCH_USER_PATHS = NO;
				CLANG_ANALYZER_NONNULL = YES;
				CLANG_ANALYZER_NUMBER_OBJECT_CONVERSION = YES_AGGRESSIVE;
				CLANG_CXX_LANGUAGE_STANDARD = "gnu++0x";
				CLANG_CXX_LIBRARY = "libc++";
				CLANG_ENABLE_MODULES = YES;
				CLANG_ENABLE_OBJC_ARC = YES;
				CLANG_WARN_BOOL_CONVERSION = YES;
				CLANG_WARN_CONSTANT_CONVERSION = YES;
				CLANG_WARN_DIRECT_OBJC_ISA_USAGE = YES_ERROR;
				CLANG_WARN_DOCUMENTATION_COMMENTS = YES;
				CLANG_WARN_EMPTY_BODY = YES;
				CLANG_WARN_ENUM_CONVERSION = YES;
				CLANG_WARN_INFINITE_RECURSION = YES;
				CLANG_WARN_INT_CONVERSION = YES;
				CLANG_WARN_OBJC_ROOT_CLASS = YES_ERROR;
				CLANG_WARN_SUSPICIOUS_MOVE = YES;
				CLANG_WARN_UNREACHABLE_CODE = YES;
				CLANG_WARN__DUPLICATE_METHOD_MATCH = YES;
				"CODE_SIGN_IDENTITY[sdk=iphoneos*]" = "iPhone Developer";
				COPY_PHASE_STRIP = NO;
				DEBUG_INFORMATION_FORMAT = dwarf;
				ENABLE_STRICT_OBJC_MSGSEND = YES;
				ENABLE_TESTABILITY = YES;
				GCC_C_LANGUAGE_STANDARD = gnu99;
				GCC_DYNAMIC_NO_PIC = NO;
				GCC_NO_COMMON_BLOCKS = YES;
				GCC_OPTIMIZATION_LEVEL = 0;
				GCC_PREPROCESSOR_DEFINITIONS = (
					"DEBUG=1",
					"$(inherited)",
				);
				GCC_WARN_64_TO_32_BIT_CONVERSION = YES;
				GCC_WARN_ABOUT_RETURN_TYPE = YES_ERROR;
				GCC_WARN_UNDECLARED_SELECTOR = YES;
				GCC_WARN_UNINITIALIZED_AUTOS = YES_AGGRESSIVE;
				GCC_WARN_UNUSED_FUNCTION = YES;
				GCC_WARN_UNUSED_VARIABLE = YES;
				IPHONEOS_DEPLOYMENT_TARGET = 10.3;
				MTL_ENABLE_DEBUG_INFO = YES;
				ONLY_ACTIVE_ARCH = YES;
				SDKROOT = iphoneos;
			};
			name = Debug;
		};
		8F1FC4821F29E24300BFAAD3 /* Release */ = {
			isa = XCBuildConfiguration;
			buildSettings = {
				ALWAYS_SEARCH_USER_PATHS = NO;
				CLANG_ANALYZER_NONNULL = YES;
				CLANG_ANALYZER_NUMBER_OBJECT_CONVERSION = YES_AGGRESSIVE;
				CLANG_CXX_LANGUAGE_STANDARD = "gnu++0x";
				CLANG_CXX_LIBRARY = "libc++";
				CLANG_ENABLE_MODULES = YES;
				CLANG_ENABLE_OBJC_ARC = YES;
				CLANG_WARN_BOOL_CONVERSION = YES;
				CLANG_WARN_CONSTANT_CONVERSION = YES;
				CLANG_WARN_DIRECT_OBJC_ISA_USAGE = YES_ERROR;
				CLANG_WARN_DOCUMENTATION_COMMENTS = YES;
				CLANG_WARN_EMPTY_BODY = YES;
				CLANG_WARN_ENUM_CONVERSION = YES;
				CLANG_WARN_INFINITE_RECURSION = YES;
				CLANG_WARN_INT_CONVERSION = YES;
				CLANG_WARN_OBJC_ROOT_CLASS = YES_ERROR;
				CLANG_WARN_SUSPICIOUS_MOVE = YES;
				CLANG_WARN_UNREACHABLE_CODE = YES;
				CLANG_WARN__DUPLICATE_METHOD_MATCH = YES;
				"CODE_SIGN_IDENTITY[sdk=iphoneos*]" = "iPhone Developer";
				COPY_PHASE_STRIP = NO;
				DEBUG_INFORMATION_FORMAT = "dwarf-with-dsym";
				ENABLE_NS_ASSERTIONS = NO;
				ENABLE_STRICT_OBJC_MSGSEND = YES;
				GCC_C_LANGUAGE_STANDARD = gnu99;
				GCC_NO_COMMON_BLOCKS = YES;
				GCC_WARN_64_TO_32_BIT_CONVERSION = YES;
				GCC_WARN_ABOUT_RETURN_TYPE = YES_ERROR;
				GCC_WARN_UNDECLARED_SELECTOR = YES;
				GCC_WARN_UNINITIALIZED_AUTOS = YES_AGGRESSIVE;
				GCC_WARN_UNUSED_FUNCTION = YES;
				GCC_WARN_UNUSED_VARIABLE = YES;
				IPHONEOS_DEPLOYMENT_TARGET = 10.3;
				MTL_ENABLE_DEBUG_INFO = NO;
				SDKROOT = iphoneos;
				VALIDATE_PRODUCT = YES;
			};
			name = Release;
		};
		8F1FC4841F29E24300BFAAD3 /* Debug */ = {
			isa = XCBuildConfiguration;
			buildSettings = {
				ASSETCATALOG_COMPILER_APPICON_NAME = AppIcon;
				DEVELOPMENT_TEAM = 2G4AT7N2J9;
				INFOPLIST_FILE = TextViewForPlaceHolder/Info.plist;
				LD_RUNPATH_SEARCH_PATHS = "$(inherited) @executable_path/Frameworks";
				PRODUCT_BUNDLE_IDENTIFIER = com.private.TextViewForPlaceHolder;
				PRODUCT_NAME = "$(TARGET_NAME)";
			};
			name = Debug;
		};
		8F1FC4851F29E24300BFAAD3 /* Release */ = {
			isa = XCBuildConfiguration;
			buildSettings = {
				ASSETCATALOG_COMPILER_APPICON_NAME = AppIcon;
				DEVELOPMENT_TEAM = 2G4AT7N2J9;
				INFOPLIST_FILE = TextViewForPlaceHolder/Info.plist;
				LD_RUNPATH_SEARCH_PATHS = "$(inherited) @executable_path/Frameworks";
				PRODUCT_BUNDLE_IDENTIFIER = com.private.TextViewForPlaceHolder;
				PRODUCT_NAME = "$(TARGET_NAME)";
			};
			name = Release;
		};
/* End XCBuildConfiguration section */

/* Begin XCConfigurationList section */
		8F1FC4671F29E24300BFAAD3 /* Build configuration list for PBXProject "TextViewForPlaceHolder" */ = {
			isa = XCConfigurationList;
			buildConfigurations = (
				8F1FC4811F29E24300BFAAD3 /* Debug */,
				8F1FC4821F29E24300BFAAD3 /* Release */,
			);
			defaultConfigurationIsVisible = 0;
			defaultConfigurationName = Release;
		};
		8F1FC4831F29E24300BFAAD3 /* Build configuration list for PBXNativeTarget "TextViewForPlaceHolder" */ = {
			isa = XCConfigurationList;
			buildConfigurations = (
				8F1FC4841F29E24300BFAAD3 /* Debug */,
				8F1FC4851F29E24300BFAAD3 /* Release */,
			);
			defaultConfigurationIsVisible = 0;
		};
/* End XCConfigurationList section */
	};
	rootObject = 8F1FC4641F29E24300BFAAD3 /* Project object */;
}
